{
  "pins" : [
    {
      "identity" : "openssl",
      "kind" : "remoteSourceControl",
      "location" : "https://github.com/krzyzanowskim/OpenSSL",
      "state" : {
        "revision" : "623c84da314e85363236507ca38a4bde65df21c3",
        "version" : "3.3.3001"
      }
    }
  ],
  "version" : 2
}
